
Microsoft Visual Studio Solution File, Format Version 12.00
# Visual Studio Version 16
VisualStudioVersion = 16.0.28809.33
MinimumVisualStudioVersion = 10.0.40219.1
Project("{9A19103F-16F7-4668-BE54-9A1E7A4F7556}") = "Parser", "Parser\Parser.csproj", "{8B8A38C8-D1D8-4BB8-979E-700E46F7E279}"
EndProject
Project("{FAE04EC0-301F-11D3-BF4B-00C04F79EFBC}") = "ParserService", "Service\ParserService.csproj", "{BDF5F9C1-3C58-4989-9736-223060F61F92}"
EndProject
Project("{FAE04EC0-301F-11D3-BF4B-00C04F79EFBC}") = "Parser.DAL", "Parser.DAL\Parser.DAL.csproj", "{EFFCF19E-537D-46F3-890C-5CB9C03D1414}"
EndProject
Project("{FAE04EC0-301F-11D3-BF4B-00C04F79EFBC}") = "Parser.Repository", "Parser.Repository\Parser.Repository.csproj", "{0A1DCA30-482E-4720-B7E0-54E030E9CFA0}"
EndProject
Project("{FAE04EC0-301F-11D3-BF4B-00C04F79EFBC}") = "Parser.ViewModels", "Parser.ViewModels\Parser.ViewModels.csproj", "{4C98F5FF-5383-4582-AF99-1E41205038DD}"
EndProject
Global
	GlobalSection(SolutionConfigurationPlatforms) = preSolution
		Debug|Any CPU = Debug|Any CPU
		Release|Any CPU = Release|Any CPU
	EndGlobalSection
	GlobalSection(ProjectConfigurationPlatforms) = postSolution
		{8B8A38C8-D1D8-4BB8-979E-700E46F7E279}.Debug|Any CPU.ActiveCfg = Debug|Any CPU
		{8B8A38C8-D1D8-4BB8-979E-700E46F7E279}.Debug|Any CPU.Build.0 = Debug|Any CPU
		{8B8A38C8-D1D8-4BB8-979E-700E46F7E279}.Release|Any CPU.ActiveCfg = Release|Any CPU
		{8B8A38C8-D1D8-4BB8-979E-700E46F7E279}.Release|Any CPU.Build.0 = Release|Any CPU
		{BDF5F9C1-3C58-4989-9736-223060F61F92}.Debug|Any CPU.ActiveCfg = Debug|Any CPU
		{BDF5F9C1-3C58-4989-9736-223060F61F92}.Debug|Any CPU.Build.0 = Debug|Any CPU
		{BDF5F9C1-3C58-4989-9736-223060F61F92}.Release|Any CPU.ActiveCfg = Release|Any CPU
		{BDF5F9C1-3C58-4989-9736-223060F61F92}.Release|Any CPU.Build.0 = Release|Any CPU
		{EFFCF19E-537D-46F3-890C-5CB9C03D1414}.Debug|Any CPU.ActiveCfg = Debug|Any CPU
		{EFFCF19E-537D-46F3-890C-5CB9C03D1414}.Debug|Any CPU.Build.0 = Debug|Any CPU
		{EFFCF19E-537D-46F3-890C-5CB9C03D1414}.Release|Any CPU.ActiveCfg = Release|Any CPU
		{EFFCF19E-537D-46F3-890C-5CB9C03D1414}.Release|Any CPU.Build.0 = Release|Any CPU
		{0A1DCA30-482E-4720-B7E0-54E030E9CFA0}.Debug|Any CPU.ActiveCfg = Debug|Any CPU
		{0A1DCA30-482E-4720-B7E0-54E030E9CFA0}.Debug|Any CPU.Build.0 = Debug|Any CPU
		{0A1DCA30-482E-4720-B7E0-54E030E9CFA0}.Release|Any CPU.ActiveCfg = Release|Any CPU
		{0A1DCA30-482E-4720-B7E0-54E030E9CFA0}.Release|Any CPU.Build.0 = Release|Any CPU
		{4C98F5FF-5383-4582-AF99-1E41205038DD}.Debug|Any CPU.ActiveCfg = Debug|Any CPU
		{4C98F5FF-5383-4582-AF99-1E41205038DD}.Debug|Any CPU.Build.0 = Debug|Any CPU
		{4C98F5FF-5383-4582-AF99-1E41205038DD}.Release|Any CPU.ActiveCfg = Release|Any CPU
		{4C98F5FF-5383-4582-AF99-1E41205038DD}.Release|Any CPU.Build.0 = Release|Any CPU
	EndGlobalSection
	GlobalSection(SolutionProperties) = preSolution
		HideSolutionNode = FALSE
	EndGlobalSection
	GlobalSection(ExtensibilityGlobals) = postSolution
		SolutionGuid = {03E61F5B-5323-4F88-A76F-F0902B4A0795}
	EndGlobalSection
EndGlobal
